
Microsoft Visual Studio Solution File, Format Version 12.00
# Visual Studio Version 16
VisualStudioVersion = 16.0.31005.135
MinimumVisualStudioVersion = 10.0.40219.1
Project("{FAE04EC0-301F-11D3-BF4B-00C04F79EFBC}") = "FunktionenZeichnen", "FunktionenZeichnen.csproj", "{795354CA-3DB4-4D2C-97FB-3251ED1D938F}"
EndProject
Global
	GlobalSection(SolutionConfigurationPlatforms) = preSolution
		Debug|Any CPU = Debug|Any CPU
		Release|Any CPU = Release|Any CPU
	EndGlobalSection
	GlobalSection(ProjectConfigurationPlatforms) = postSolution
		{795354CA-3DB4-4D2C-97FB-3251ED1D938F}.Debug|Any CPU.ActiveCfg = Debug|Any CPU
		{795354CA-3DB4-4D2C-97FB-3251ED1D938F}.Debug|Any CPU.Build.0 = Debug|Any CPU
		{795354CA-3DB4-4D2C-97FB-3251ED1D938F}.Release|Any CPU.ActiveCfg = Release|Any CPU
		{795354CA-3DB4-4D2C-97FB-3251ED1D938F}.Release|Any CPU.Build.0 = Release|Any CPU
	EndGlobalSection
	GlobalSection(SolutionProperties) = preSolution
		HideSolutionNode = FALSE
	EndGlobalSection
	GlobalSection(ExtensibilityGlobals) = postSolution
		SolutionGuid = {24EA34A5-3E0B-4ABB-B2F2-30BE045C87A2}
	EndGlobalSection
EndGlobal
